{
  "nodes": {
    "nixpkgs": {
      "locked": {
        "lastModified": 1688594934,
        "narHash": "sha256-3dUo20PsmUd57jVZRx5vgKyIN1tv+v/JQweZsve5q/A=",
        "path": "/nix/store/j5zsaqfgxakn7ir8075wlmry76azgi72-source",
        "rev": "e11142026e2cef35ea52c9205703823df225c947",
        "type": "path"
      },
      "original": {
        "id": "nixpkgs",
        "type": "indirect"
      }
    },
    "root": {
      "inputs": {
        "nixpkgs": "nixpkgs"
      }
    }
  },
  "root": "root",
  "version": 7
}
